
Microsoft Visual Studio Solution File, Format Version 12.00
# Visual Studio 15
VisualStudioVersion = 15.0.28307.489
MinimumVisualStudioVersion = 10.0.40219.1
Project("{FAE04EC0-301F-11D3-BF4B-00C04F79EFBC}") = "EightTeenGhosts", "EightTeenGhosts\EightTeenGhosts.csproj", "{034BAE75-3EC2-4465-A2A7-A2397ADFFA46}"
EndProject
Global
	GlobalSection(SolutionConfigurationPlatforms) = preSolution
		Debug|Any CPU = Debug|Any CPU
		Release|Any CPU = Release|Any CPU
	EndGlobalSection
	GlobalSection(ProjectConfigurationPlatforms) = postSolution
		{034BAE75-3EC2-4465-A2A7-A2397ADFFA46}.Debug|Any CPU.ActiveCfg = Debug|Any CPU
		{034BAE75-3EC2-4465-A2A7-A2397ADFFA46}.Debug|Any CPU.Build.0 = Debug|Any CPU
		{034BAE75-3EC2-4465-A2A7-A2397ADFFA46}.Release|Any CPU.ActiveCfg = Release|Any CPU
		{034BAE75-3EC2-4465-A2A7-A2397ADFFA46}.Release|Any CPU.Build.0 = Release|Any CPU
	EndGlobalSection
	GlobalSection(SolutionProperties) = preSolution
		HideSolutionNode = FALSE
	EndGlobalSection
	GlobalSection(ExtensibilityGlobals) = postSolution
		SolutionGuid = {251F3A7A-6100-478D-AA37-5B4CB414FA13}
	EndGlobalSection
EndGlobal
